PODS:
  - EncryptedCoreData (3.1):
    - SQLCipher (~> 3.4.0)
  - SQLCipher (3.4.2):
    - SQLCipher/standard (= 3.4.2)
  - SQLCipher/common (3.4.2)
  - SQLCipher/standard (3.4.2):
    - SQLCipher/common
  - SwiftyBeaver (1.6.1)

DEPENDENCIES:
  - EncryptedCoreData (from `https://github.com/project-imas/encrypted-core-data`, commit `b97ffaf2f19dad4d1558bc9b0668cc2e09d17347`)
  - SwiftyBeaver

SPEC REPOS:
  https://github.com/cocoapods/specs.git:
    - SQLCipher
    - SwiftyBeaver

EXTERNAL SOURCES:
  EncryptedCoreData:
    :commit: b97ffaf2f19dad4d1558bc9b0668cc2e09d17347
    :git: https://github.com/project-imas/encrypted-core-data

CHECKOUT OPTIONS:
  EncryptedCoreData:
    :commit: b97ffaf2f19dad4d1558bc9b0668cc2e09d17347
    :git: https://github.com/project-imas/encrypted-core-data

SPEC CHECKSUMS:
  EncryptedCoreData: f6762fb05f88a52f36c5648659abc91b57f244b4
  SQLCipher: f9fcf29b2e59ced7defc2a2bdd0ebe79b40d4990
  SwiftyBeaver: ccfcdf85a04d429f1633f668650b0ce8020bda3a

PODFILE CHECKSUM: 3e7a55ba29b41ed2bee57c75e72879c6ced39f3e

COCOAPODS: 1.5.3
