// !$*UTF8*$!
{
	archiveVersion = 1;
	classes = {
	};
	objectVersion = 46;
	objects = {

/* Begin PBXAggregateTarget section */
		"CoreDataPref::CoreDataPrefPackageTests::ProductTarget" /* CoreDataPrefPackageTests */ = {
			isa = PBXAggregateTarget;
			buildConfigurationList = OBJ_64 /* Build configuration list for PBXAggregateTarget "CoreDataPrefPackageTests" */;
			buildPhases = (
			);
			dependencies = (
				OBJ_67 /* PBXTargetDependency */,
			);
			name = CoreDataPrefPackageTests;
			productName = CoreDataPrefPackageTests;
		};
/* End PBXAggregateTarget section */

/* Begin PBXBuildFile section */
		17DB89758F827EFFA944CC9E /* Pods_CoreDataPref.framework in Frameworks */ = {isa = PBXBuildFile; fileRef = 46168E07348079DE75A2CA16 /* Pods_CoreDataPref.framework */; };
		2DC349AE1969AD0F2242E7E3 /* Pods_CoreDataPrefPackageDescription.framework in Frameworks */ = {isa = PBXBuildFile; fileRef = E684635AC750AD930F5BD2C3 /* Pods_CoreDataPrefPackageDescription.framework */; };
		975FA50C21EA662D00E1D092 /* Obfuscator.swift in Sources */ = {isa = PBXBuildFile; fileRef = 975FA50B21EA662D00E1D092 /* Obfuscator.swift */; };
		97BA21DD21E8F9570051BC57 /* CDPref.xcdatamodeld in Sources */ = {isa = PBXBuildFile; fileRef = 97BA21DB21E8F9570051BC57 /* CDPref.xcdatamodeld */; };
		99BBAEFCAF7DC236219EB87D /* Pods_CoreDataPrefTests.framework in Frameworks */ = {isa = PBXBuildFile; fileRef = C1AF64DF2BED2A15790D3739 /* Pods_CoreDataPrefTests.framework */; };
		OBJ_46 /* ManagedObectExtension.swift in Sources */ = {isa = PBXBuildFile; fileRef = OBJ_10 /* ManagedObectExtension.swift */; };
		OBJ_47 /* CoreDataPref.swift in Sources */ = {isa = PBXBuildFile; fileRef = OBJ_11 /* CoreDataPref.swift */; };
		OBJ_48 /* CoreDataPrefCollection.swift in Sources */ = {isa = PBXBuildFile; fileRef = OBJ_12 /* CoreDataPrefCollection.swift */; };
		OBJ_49 /* CoreDataManager.swift in Sources */ = {isa = PBXBuildFile; fileRef = OBJ_14 /* CoreDataManager.swift */; };
		OBJ_50 /* Logger.swift in Sources */ = {isa = PBXBuildFile; fileRef = OBJ_16 /* Logger.swift */; };
		OBJ_51 /* CDDefault+CoreDataClass.swift in Sources */ = {isa = PBXBuildFile; fileRef = OBJ_18 /* CDDefault+CoreDataClass.swift */; };
		OBJ_52 /* CDDefault+CoreDataProperties.swift in Sources */ = {isa = PBXBuildFile; fileRef = OBJ_19 /* CDDefault+CoreDataProperties.swift */; };
		OBJ_62 /* Package.swift in Sources */ = {isa = PBXBuildFile; fileRef = OBJ_6 /* Package.swift */; };
		OBJ_73 /* CoreDataPrefTests.swift in Sources */ = {isa = PBXBuildFile; fileRef = OBJ_22 /* CoreDataPrefTests.swift */; };
		OBJ_74 /* XCTestManifests.swift in Sources */ = {isa = PBXBuildFile; fileRef = OBJ_23 /* XCTestManifests.swift */; };
		OBJ_76 /* CoreDataPref.framework in Frameworks */ = {isa = PBXBuildFile; fileRef = "CoreDataPref::CoreDataPref::Product" /* CoreDataPref.framework */; };
/* End PBXBuildFile section */

/* Begin PBXContainerItemProxy section */
		978A19A621E8DF5600A271A8 /* PBXContainerItemProxy */ = {
			isa = PBXContainerItemProxy;
			containerPortal = OBJ_1 /* Project object */;
			proxyType = 1;
			remoteGlobalIDString = "CoreDataPref::CoreDataPref";
			remoteInfo = CoreDataPref;
		};
		978A19A821E8DF5800A271A8 /* PBXContainerItemProxy */ = {
			isa = PBXContainerItemProxy;
			containerPortal = OBJ_1 /* Project object */;
			proxyType = 1;
			remoteGlobalIDString = "CoreDataPref::CoreDataPrefTests";
			remoteInfo = CoreDataPrefTests;
		};
/* End PBXContainerItemProxy section */

/* Begin PBXFileReference section */
		1C3F33F08C8165BC055F0C46 /* Pods-CoreDataPref.release.xcconfig */ = {isa = PBXFileReference; includeInIndex = 1; lastKnownFileType = text.xcconfig; name = "Pods-CoreDataPref.release.xcconfig"; path = "Pods/Target Support Files/Pods-CoreDataPref/Pods-CoreDataPref.release.xcconfig"; sourceTree = "<group>"; };
		224554E7BE5FEEAB671D0CF3 /* Pods-CoreDataPrefTests.release.xcconfig */ = {isa = PBXFileReference; includeInIndex = 1; lastKnownFileType = text.xcconfig; name = "Pods-CoreDataPrefTests.release.xcconfig"; path = "Pods/Target Support Files/Pods-CoreDataPrefTests/Pods-CoreDataPrefTests.release.xcconfig"; sourceTree = "<group>"; };
		46168E07348079DE75A2CA16 /* Pods_CoreDataPref.framework */ = {isa = PBXFileReference; explicitFileType = wrapper.framework; includeInIndex = 0; path = Pods_CoreDataPref.framework; sourceTree = BUILT_PRODUCTS_DIR; };
		71BCB9D1777797ED76782612 /* Pods-CoreDataPref.debug.xcconfig */ = {isa = PBXFileReference; includeInIndex = 1; lastKnownFileType = text.xcconfig; name = "Pods-CoreDataPref.debug.xcconfig"; path = "Pods/Target Support Files/Pods-CoreDataPref/Pods-CoreDataPref.debug.xcconfig"; sourceTree = "<group>"; };
		799BFFBD54B69EBDDF61063E /* Pods-CoreDataPrefPackageDescription.debug.xcconfig */ = {isa = PBXFileReference; includeInIndex = 1; lastKnownFileType = text.xcconfig; name = "Pods-CoreDataPrefPackageDescription.debug.xcconfig"; path = "Pods/Target Support Files/Pods-CoreDataPrefPackageDescription/Pods-CoreDataPrefPackageDescription.debug.xcconfig"; sourceTree = "<group>"; };
		971E7AD521E9EB200062040A /* EncryptedCoreData.framework */ = {isa = PBXFileReference; explicitFileType = wrapper.framework; path = EncryptedCoreData.framework; sourceTree = BUILT_PRODUCTS_DIR; };
		975C796E21EA4EED00605ECF /* EncryptedCoreData.framework */ = {isa = PBXFileReference; explicitFileType = wrapper.framework; path = EncryptedCoreData.framework; sourceTree = BUILT_PRODUCTS_DIR; };
		975C797221EA537500605ECF /* EncryptedCoreData.framework */ = {isa = PBXFileReference; explicitFileType = wrapper.framework; path = EncryptedCoreData.framework; sourceTree = BUILT_PRODUCTS_DIR; };
		975C797421EA53B300605ECF /* SQLCipher.framework */ = {isa = PBXFileReference; explicitFileType = wrapper.framework; path = SQLCipher.framework; sourceTree = BUILT_PRODUCTS_DIR; };
		975FA50B21EA662D00E1D092 /* Obfuscator.swift */ = {isa = PBXFileReference; lastKnownFileType = sourcecode.swift; path = Obfuscator.swift; sourceTree = "<group>"; };
		978A19DC21E8F51A00A271A8 /* EncryptedCoreData.framework */ = {isa = PBXFileReference; explicitFileType = wrapper.framework; path = EncryptedCoreData.framework; sourceTree = BUILT_PRODUCTS_DIR; };
		97BA21DC21E8F9570051BC57 /* CDPref.xcdatamodel */ = {isa = PBXFileReference; lastKnownFileType = wrapper.xcdatamodel; path = CDPref.xcdatamodel; sourceTree = "<group>"; };
		97FA8E6021EA416500AFD71F /* EncryptedCoreData.framework */ = {isa = PBXFileReference; explicitFileType = wrapper.framework; path = EncryptedCoreData.framework; sourceTree = BUILT_PRODUCTS_DIR; };
		97FA8E6221EA416900AFD71F /* SQLCipher.framework */ = {isa = PBXFileReference; explicitFileType = wrapper.framework; path = SQLCipher.framework; sourceTree = BUILT_PRODUCTS_DIR; };
		97FA8E6421EA419C00AFD71F /* SQLCipher.framework */ = {isa = PBXFileReference; explicitFileType = wrapper.framework; path = SQLCipher.framework; sourceTree = BUILT_PRODUCTS_DIR; };
		97FA8E6621EA424700AFD71F /* EncryptedCoreData.framework */ = {isa = PBXFileReference; explicitFileType = wrapper.framework; path = EncryptedCoreData.framework; sourceTree = BUILT_PRODUCTS_DIR; };
		97FA8E6821EA424700AFD71F /* SQLCipher.framework */ = {isa = PBXFileReference; explicitFileType = wrapper.framework; path = SQLCipher.framework; sourceTree = BUILT_PRODUCTS_DIR; };
		97FA8E6A21EA424700AFD71F /* SwiftyBeaver.framework */ = {isa = PBXFileReference; explicitFileType = wrapper.framework; path = SwiftyBeaver.framework; sourceTree = BUILT_PRODUCTS_DIR; };
		97FA8E6E21EA430B00AFD71F /* EncryptedCoreData.framework */ = {isa = PBXFileReference; explicitFileType = wrapper.framework; path = EncryptedCoreData.framework; sourceTree = BUILT_PRODUCTS_DIR; };
		980F91D76463B8978C6A52EB /* Pods-CoreDataPrefPackageDescription.release.xcconfig */ = {isa = PBXFileReference; includeInIndex = 1; lastKnownFileType = text.xcconfig; name = "Pods-CoreDataPrefPackageDescription.release.xcconfig"; path = "Pods/Target Support Files/Pods-CoreDataPrefPackageDescription/Pods-CoreDataPrefPackageDescription.release.xcconfig"; sourceTree = "<group>"; };
		C1AF64DF2BED2A15790D3739 /* Pods_CoreDataPrefTests.framework */ = {isa = PBXFileReference; explicitFileType = wrapper.framework; includeInIndex = 0; path = Pods_CoreDataPrefTests.framework; sourceTree = BUILT_PRODUCTS_DIR; };
		"CoreDataPref::CoreDataPref::Product" /* CoreDataPref.framework */ = {isa = PBXFileReference; explicitFileType = wrapper.framework; path = CoreDataPref.framework; sourceTree = BUILT_PRODUCTS_DIR; };
		"CoreDataPref::CoreDataPrefTests::Product" /* CoreDataPrefTests.xctest */ = {isa = PBXFileReference; explicitFileType = wrapper.cfbundle; path = CoreDataPrefTests.xctest; sourceTree = BUILT_PRODUCTS_DIR; };
		E36D0467C634E09B62A877DF /* Pods-CoreDataPrefTests.debug.xcconfig */ = {isa = PBXFileReference; includeInIndex = 1; lastKnownFileType = text.xcconfig; name = "Pods-CoreDataPrefTests.debug.xcconfig"; path = "Pods/Target Support Files/Pods-CoreDataPrefTests/Pods-CoreDataPrefTests.debug.xcconfig"; sourceTree = "<group>"; };
		E684635AC750AD930F5BD2C3 /* Pods_CoreDataPrefPackageDescription.framework */ = {isa = PBXFileReference; explicitFileType = wrapper.framework; includeInIndex = 0; path = Pods_CoreDataPrefPackageDescription.framework; sourceTree = BUILT_PRODUCTS_DIR; };
		OBJ_10 /* ManagedObectExtension.swift */ = {isa = PBXFileReference; lastKnownFileType = sourcecode.swift; path = ManagedObectExtension.swift; sourceTree = "<group>"; };
		OBJ_11 /* CoreDataPref.swift */ = {isa = PBXFileReference; lastKnownFileType = sourcecode.swift; path = CoreDataPref.swift; sourceTree = "<group>"; };
		OBJ_12 /* CoreDataPrefCollection.swift */ = {isa = PBXFileReference; lastKnownFileType = sourcecode.swift; path = CoreDataPrefCollection.swift; sourceTree = "<group>"; };
		OBJ_14 /* CoreDataManager.swift */ = {isa = PBXFileReference; lastKnownFileType = sourcecode.swift; path = CoreDataManager.swift; sourceTree = "<group>"; };
		OBJ_16 /* Logger.swift */ = {isa = PBXFileReference; lastKnownFileType = sourcecode.swift; path = Logger.swift; sourceTree = "<group>"; };
		OBJ_18 /* CDDefault+CoreDataClass.swift */ = {isa = PBXFileReference; lastKnownFileType = sourcecode.swift; path = "CDDefault+CoreDataClass.swift"; sourceTree = "<group>"; };
		OBJ_19 /* CDDefault+CoreDataProperties.swift */ = {isa = PBXFileReference; lastKnownFileType = sourcecode.swift; path = "CDDefault+CoreDataProperties.swift"; sourceTree = "<group>"; };
		OBJ_22 /* CoreDataPrefTests.swift */ = {isa = PBXFileReference; lastKnownFileType = sourcecode.swift; path = CoreDataPrefTests.swift; sourceTree = "<group>"; };
		OBJ_23 /* XCTestManifests.swift */ = {isa = PBXFileReference; lastKnownFileType = sourcecode.swift; path = XCTestManifests.swift; sourceTree = "<group>"; };
		OBJ_26 /* Package.swift */ = {isa = PBXFileReference; explicitFileType = sourcecode.swift; name = Package.swift; path = "/Users/ankitthakur/Desktop/CoreDataPref/.build/checkouts/SwiftyBeaver.git--4246793063928416936/Package.swift"; sourceTree = "<group>"; };
		OBJ_27 /* AES256CBC.swift */ = {isa = PBXFileReference; lastKnownFileType = sourcecode.swift; path = AES256CBC.swift; sourceTree = "<group>"; };
		OBJ_28 /* Base64.swift */ = {isa = PBXFileReference; lastKnownFileType = sourcecode.swift; path = Base64.swift; sourceTree = "<group>"; };
		OBJ_29 /* BaseDestination.swift */ = {isa = PBXFileReference; lastKnownFileType = sourcecode.swift; path = BaseDestination.swift; sourceTree = "<group>"; };
		OBJ_30 /* ConsoleDestination.swift */ = {isa = PBXFileReference; lastKnownFileType = sourcecode.swift; path = ConsoleDestination.swift; sourceTree = "<group>"; };
		OBJ_31 /* Extensions.swift */ = {isa = PBXFileReference; lastKnownFileType = sourcecode.swift; path = Extensions.swift; sourceTree = "<group>"; };
		OBJ_32 /* FileDestination.swift */ = {isa = PBXFileReference; lastKnownFileType = sourcecode.swift; path = FileDestination.swift; sourceTree = "<group>"; };
		OBJ_33 /* Filter.swift */ = {isa = PBXFileReference; lastKnownFileType = sourcecode.swift; path = Filter.swift; sourceTree = "<group>"; };
		OBJ_34 /* GoogleCloudDestination.swift */ = {isa = PBXFileReference; lastKnownFileType = sourcecode.swift; path = GoogleCloudDestination.swift; sourceTree = "<group>"; };
		OBJ_35 /* SBPlatformDestination.swift */ = {isa = PBXFileReference; lastKnownFileType = sourcecode.swift; path = SBPlatformDestination.swift; sourceTree = "<group>"; };
		OBJ_36 /* SwiftyBeaver.swift */ = {isa = PBXFileReference; lastKnownFileType = sourcecode.swift; path = SwiftyBeaver.swift; sourceTree = "<group>"; };
		OBJ_6 /* Package.swift */ = {isa = PBXFileReference; explicitFileType = sourcecode.swift; path = Package.swift; sourceTree = "<group>"; };
/* End PBXFileReference section */

/* Begin PBXFrameworksBuildPhase section */
		FD9DCA341B3D51D9FDBA6F92 /* Frameworks */ = {
			isa = PBXFrameworksBuildPhase;
			buildActionMask = 2147483647;
			files = (
				2DC349AE1969AD0F2242E7E3 /* Pods_CoreDataPrefPackageDescription.framework in Frameworks */,
			);
			runOnlyForDeploymentPostprocessing = 0;
		};
		OBJ_53 /* Frameworks */ = {
			isa = PBXFrameworksBuildPhase;
			buildActionMask = 0;
			files = (
				17DB89758F827EFFA944CC9E /* Pods_CoreDataPref.framework in Frameworks */,
			);
			runOnlyForDeploymentPostprocessing = 0;
		};
		OBJ_75 /* Frameworks */ = {
			isa = PBXFrameworksBuildPhase;
			buildActionMask = 0;
			files = (
				OBJ_76 /* CoreDataPref.framework in Frameworks */,
				99BBAEFCAF7DC236219EB87D /* Pods_CoreDataPrefTests.framework in Frameworks */,
			);
			runOnlyForDeploymentPostprocessing = 0;
		};
/* End PBXFrameworksBuildPhase section */

/* Begin PBXGroup section */
		183EE49900A93BC436CF27DC /* Pods */ = {
			isa = PBXGroup;
			children = (
				71BCB9D1777797ED76782612 /* Pods-CoreDataPref.debug.xcconfig */,
				1C3F33F08C8165BC055F0C46 /* Pods-CoreDataPref.release.xcconfig */,
				799BFFBD54B69EBDDF61063E /* Pods-CoreDataPrefPackageDescription.debug.xcconfig */,
				980F91D76463B8978C6A52EB /* Pods-CoreDataPrefPackageDescription.release.xcconfig */,
				E36D0467C634E09B62A877DF /* Pods-CoreDataPrefTests.debug.xcconfig */,
				224554E7BE5FEEAB671D0CF3 /* Pods-CoreDataPrefTests.release.xcconfig */,
			);
			name = Pods;
			sourceTree = "<group>";
		};
		2A5D2267F068334C64600821 /* Frameworks */ = {
			isa = PBXGroup;
			children = (
				975C797421EA53B300605ECF /* SQLCipher.framework */,
				975C797221EA537500605ECF /* EncryptedCoreData.framework */,
				975C796E21EA4EED00605ECF /* EncryptedCoreData.framework */,
				97FA8E6E21EA430B00AFD71F /* EncryptedCoreData.framework */,
				97FA8E6621EA424700AFD71F /* EncryptedCoreData.framework */,
				97FA8E6821EA424700AFD71F /* SQLCipher.framework */,
				97FA8E6A21EA424700AFD71F /* SwiftyBeaver.framework */,
				97FA8E6421EA419C00AFD71F /* SQLCipher.framework */,
				97FA8E6221EA416900AFD71F /* SQLCipher.framework */,
				97FA8E6021EA416500AFD71F /* EncryptedCoreData.framework */,
				971E7AD521E9EB200062040A /* EncryptedCoreData.framework */,
				978A19DC21E8F51A00A271A8 /* EncryptedCoreData.framework */,
				46168E07348079DE75A2CA16 /* Pods_CoreDataPref.framework */,
				E684635AC750AD930F5BD2C3 /* Pods_CoreDataPrefPackageDescription.framework */,
				C1AF64DF2BED2A15790D3739 /* Pods_CoreDataPrefTests.framework */,
			);
			name = Frameworks;
			sourceTree = "<group>";
		};
		975FA50A21EA661500E1D092 /* Obfuscator */ = {
			isa = PBXGroup;
			children = (
				975FA50B21EA662D00E1D092 /* Obfuscator.swift */,
			);
			path = Obfuscator;
			sourceTree = "<group>";
		};
		OBJ_13 /* DataManager */ = {
			isa = PBXGroup;
			children = (
				97BA21DB21E8F9570051BC57 /* CDPref.xcdatamodeld */,
				OBJ_14 /* CoreDataManager.swift */,
			);
			path = DataManager;
			sourceTree = "<group>";
		};
		OBJ_15 /* Logger */ = {
			isa = PBXGroup;
			children = (
				OBJ_16 /* Logger.swift */,
			);
			path = Logger;
			sourceTree = "<group>";
		};
		OBJ_17 /* Model */ = {
			isa = PBXGroup;
			children = (
				OBJ_18 /* CDDefault+CoreDataClass.swift */,
				OBJ_19 /* CDDefault+CoreDataProperties.swift */,
			);
			path = Model;
			sourceTree = "<group>";
		};
		OBJ_20 /* Tests */ = {
			isa = PBXGroup;
			children = (
				OBJ_21 /* CoreDataPrefTests */,
			);
			name = Tests;
			sourceTree = SOURCE_ROOT;
		};
		OBJ_21 /* CoreDataPrefTests */ = {
			isa = PBXGroup;
			children = (
				OBJ_22 /* CoreDataPrefTests.swift */,
				OBJ_23 /* XCTestManifests.swift */,
			);
			name = CoreDataPrefTests;
			path = Tests/CoreDataPrefTests;
			sourceTree = SOURCE_ROOT;
		};
		OBJ_24 /* Dependencies */ = {
			isa = PBXGroup;
			children = (
				OBJ_25 /* SwiftyBeaver 1.6.1 */,
			);
			name = Dependencies;
			sourceTree = "<group>";
		};
		OBJ_25 /* SwiftyBeaver 1.6.1 */ = {
			isa = PBXGroup;
			children = (
				OBJ_26 /* Package.swift */,
				OBJ_27 /* AES256CBC.swift */,
				OBJ_28 /* Base64.swift */,
				OBJ_29 /* BaseDestination.swift */,
				OBJ_30 /* ConsoleDestination.swift */,
				OBJ_31 /* Extensions.swift */,
				OBJ_32 /* FileDestination.swift */,
				OBJ_33 /* Filter.swift */,
				OBJ_34 /* GoogleCloudDestination.swift */,
				OBJ_35 /* SBPlatformDestination.swift */,
				OBJ_36 /* SwiftyBeaver.swift */,
			);
			name = "SwiftyBeaver 1.6.1";
			path = ".build/checkouts/SwiftyBeaver.git--4246793063928416936/Sources";
			sourceTree = SOURCE_ROOT;
		};
		OBJ_37 /* Products */ = {
			isa = PBXGroup;
			children = (
				"CoreDataPref::CoreDataPrefTests::Product" /* CoreDataPrefTests.xctest */,
				"CoreDataPref::CoreDataPref::Product" /* CoreDataPref.framework */,
			);
			name = Products;
			sourceTree = BUILT_PRODUCTS_DIR;
		};
		OBJ_5 = {
			isa = PBXGroup;
			children = (
				OBJ_6 /* Package.swift */,
				OBJ_7 /* Sources */,
				OBJ_20 /* Tests */,
				OBJ_24 /* Dependencies */,
				OBJ_37 /* Products */,
				2A5D2267F068334C64600821 /* Frameworks */,
				183EE49900A93BC436CF27DC /* Pods */,
			);
			sourceTree = "<group>";
		};
		OBJ_7 /* Sources */ = {
			isa = PBXGroup;
			children = (
				OBJ_8 /* CoreDataPref */,
			);
			name = Sources;
			sourceTree = SOURCE_ROOT;
		};
		OBJ_8 /* CoreDataPref */ = {
			isa = PBXGroup;
			children = (
				975FA50A21EA661500E1D092 /* Obfuscator */,
				OBJ_9 /* CoreDataHelper */,
				OBJ_11 /* CoreDataPref.swift */,
				OBJ_12 /* CoreDataPrefCollection.swift */,
				OBJ_13 /* DataManager */,
				OBJ_15 /* Logger */,
				OBJ_17 /* Model */,
			);
			name = CoreDataPref;
			path = Sources/CoreDataPref;
			sourceTree = SOURCE_ROOT;
		};
		OBJ_9 /* CoreDataHelper */ = {
			isa = PBXGroup;
			children = (
				OBJ_10 /* ManagedObectExtension.swift */,
			);
			path = CoreDataHelper;
			sourceTree = "<group>";
		};
/* End PBXGroup section */

/* Begin PBXNativeTarget section */
		"CoreDataPref::CoreDataPref" /* CoreDataPref */ = {
			isa = PBXNativeTarget;
			buildConfigurationList = OBJ_42 /* Build configuration list for PBXNativeTarget "CoreDataPref" */;
			buildPhases = (
				EC403BE89364A06BE012C8C8 /* [CP] Check Pods Manifest.lock */,
				OBJ_45 /* Sources */,
				OBJ_53 /* Frameworks */,
				97BA21DA21E8F9280051BC57 /* Resources */,
				971E7AD821E9F3E80062040A /* ShellScript */,
			);
			buildRules = (
			);
			dependencies = (
			);
			name = CoreDataPref;
			productName = CoreDataPref;
			productReference = "CoreDataPref::CoreDataPref::Product" /* CoreDataPref.framework */;
			productType = "com.apple.product-type.framework";
		};
		"CoreDataPref::CoreDataPrefTests" /* CoreDataPrefTests */ = {
			isa = PBXNativeTarget;
			buildConfigurationList = OBJ_69 /* Build configuration list for PBXNativeTarget "CoreDataPrefTests" */;
			buildPhases = (
				22A16793629C6FDB65A4BC9C /* [CP] Check Pods Manifest.lock */,
				OBJ_72 /* Sources */,
				OBJ_75 /* Frameworks */,
				E3FEFBE5D7138070772748B7 /* [CP] Embed Pods Frameworks */,
			);
			buildRules = (
			);
			dependencies = (
				OBJ_78 /* PBXTargetDependency */,
			);
			name = CoreDataPrefTests;
			productName = CoreDataPrefTests;
			productReference = "CoreDataPref::CoreDataPrefTests::Product" /* CoreDataPrefTests.xctest */;
			productType = "com.apple.product-type.bundle.unit-test";
		};
		"CoreDataPref::SwiftPMPackageDescription" /* CoreDataPrefPackageDescription */ = {
			isa = PBXNativeTarget;
			buildConfigurationList = OBJ_58 /* Build configuration list for PBXNativeTarget "CoreDataPrefPackageDescription" */;
			buildPhases = (
				22ACE6E031F61297C8C1F248 /* [CP] Check Pods Manifest.lock */,
				OBJ_61 /* Sources */,
				FD9DCA341B3D51D9FDBA6F92 /* Frameworks */,
			);
			buildRules = (
			);
			dependencies = (
			);
			name = CoreDataPrefPackageDescription;
			productName = CoreDataPrefPackageDescription;
			productType = "com.apple.product-type.framework";
		};
/* End PBXNativeTarget section */

/* Begin PBXProject section */
		OBJ_1 /* Project object */ = {
			isa = PBXProject;
			attributes = {
				LastUpgradeCheck = 1010;
			};
			buildConfigurationList = OBJ_2 /* Build configuration list for PBXProject "CoreDataPref" */;
			compatibilityVersion = "Xcode 3.2";
			developmentRegion = English;
			hasScannedForEncodings = 0;
			knownRegions = (
				en,
			);
			mainGroup = OBJ_5;
			productRefGroup = OBJ_37 /* Products */;
			projectDirPath = "";
			projectRoot = "";
			targets = (
				"CoreDataPref::CoreDataPref" /* CoreDataPref */,
				"CoreDataPref::SwiftPMPackageDescription" /* CoreDataPrefPackageDescription */,
				"CoreDataPref::CoreDataPrefPackageTests::ProductTarget" /* CoreDataPrefPackageTests */,
				"CoreDataPref::CoreDataPrefTests" /* CoreDataPrefTests */,
			);
		};
/* End PBXProject section */

/* Begin PBXResourcesBuildPhase section */
		97BA21DA21E8F9280051BC57 /* Resources */ = {
			isa = PBXResourcesBuildPhase;
			buildActionMask = 2147483647;
			files = (
			);
			runOnlyForDeploymentPostprocessing = 0;
		};
/* End PBXResourcesBuildPhase section */

/* Begin PBXShellScriptBuildPhase section */
		22A16793629C6FDB65A4BC9C /* [CP] Check Pods Manifest.lock */ = {
			isa = PBXShellScriptBuildPhase;
			buildActionMask = 2147483647;
			files = (
			);
			inputPaths = (
				"${PODS_PODFILE_DIR_PATH}/Podfile.lock",
				"${PODS_ROOT}/Manifest.lock",
			);
			name = "[CP] Check Pods Manifest.lock";
			outputPaths = (
				"$(DERIVED_FILE_DIR)/Pods-CoreDataPrefTests-checkManifestLockResult.txt",
			);
			runOnlyForDeploymentPostprocessing = 0;
			shellPath = /bin/sh;
			shellScript = "diff \"${PODS_PODFILE_DIR_PATH}/Podfile.lock\" \"${PODS_ROOT}/Manifest.lock\" > /dev/null\nif [ $? != 0 ] ; then\n    # print error to STDERR\n    echo \"error: The sandbox is not in sync with the Podfile.lock. Run 'pod install' or update your CocoaPods installation.\" >&2\n    exit 1\nfi\n# This output is used by Xcode 'outputs' to avoid re-running this script phase.\necho \"SUCCESS\" > \"${SCRIPT_OUTPUT_FILE_0}\"\n";
			showEnvVarsInLog = 0;
		};
		22ACE6E031F61297C8C1F248 /* [CP] Check Pods Manifest.lock */ = {
			isa = PBXShellScriptBuildPhase;
			buildActionMask = 2147483647;
			files = (
			);
			inputPaths = (
				"${PODS_PODFILE_DIR_PATH}/Podfile.lock",
				"${PODS_ROOT}/Manifest.lock",
			);
			name = "[CP] Check Pods Manifest.lock";
			outputPaths = (
				"$(DERIVED_FILE_DIR)/Pods-CoreDataPrefPackageDescription-checkManifestLockResult.txt",
			);
			runOnlyForDeploymentPostprocessing = 0;
			shellPath = /bin/sh;
			shellScript = "diff \"${PODS_PODFILE_DIR_PATH}/Podfile.lock\" \"${PODS_ROOT}/Manifest.lock\" > /dev/null\nif [ $? != 0 ] ; then\n    # print error to STDERR\n    echo \"error: The sandbox is not in sync with the Podfile.lock. Run 'pod install' or update your CocoaPods installation.\" >&2\n    exit 1\nfi\n# This output is used by Xcode 'outputs' to avoid re-running this script phase.\necho \"SUCCESS\" > \"${SCRIPT_OUTPUT_FILE_0}\"\n";
			showEnvVarsInLog = 0;
		};
		971E7AD821E9F3E80062040A /* ShellScript */ = {
			isa = PBXShellScriptBuildPhase;
			buildActionMask = 2147483647;
			files = (
			);
			inputPaths = (
			);
			outputPaths = (
			);
			runOnlyForDeploymentPostprocessing = 0;
			shellPath = /bin/sh;
			shellScript = "# Type a script or drag a script file from your workspace to insert its path.\n\n";
		};
		E3FEFBE5D7138070772748B7 /* [CP] Embed Pods Frameworks */ = {
			isa = PBXShellScriptBuildPhase;
			buildActionMask = 2147483647;
			files = (
			);
			inputPaths = (
				"${SRCROOT}/Pods/Target Support Files/Pods-CoreDataPrefTests/Pods-CoreDataPrefTests-frameworks.sh",
				"${BUILT_PRODUCTS_DIR}/EncryptedCoreData/EncryptedCoreData.framework",
				"${BUILT_PRODUCTS_DIR}/SQLCipher/SQLCipher.framework",
				"${BUILT_PRODUCTS_DIR}/SwiftyBeaver/SwiftyBeaver.framework",
			);
			name = "[CP] Embed Pods Frameworks";
			outputPaths = (
				"${TARGET_BUILD_DIR}/${FRAMEWORKS_FOLDER_PATH}/EncryptedCoreData.framework",
				"${TARGET_BUILD_DIR}/${FRAMEWORKS_FOLDER_PATH}/SQLCipher.framework",
				"${TARGET_BUILD_DIR}/${FRAMEWORKS_FOLDER_PATH}/SwiftyBeaver.framework",
			);
			runOnlyForDeploymentPostprocessing = 0;
			shellPath = /bin/sh;
			shellScript = "\"${SRCROOT}/Pods/Target Support Files/Pods-CoreDataPrefTests/Pods-CoreDataPrefTests-frameworks.sh\"\n";
			showEnvVarsInLog = 0;
		};
		EC403BE89364A06BE012C8C8 /* [CP] Check Pods Manifest.lock */ = {
			isa = PBXShellScriptBuildPhase;
			buildActionMask = 2147483647;
			files = (
			);
			inputPaths = (
				"${PODS_PODFILE_DIR_PATH}/Podfile.lock",
				"${PODS_ROOT}/Manifest.lock",
			);
			name = "[CP] Check Pods Manifest.lock";
			outputPaths = (
				"$(DERIVED_FILE_DIR)/Pods-CoreDataPref-checkManifestLockResult.txt",
			);
			runOnlyForDeploymentPostprocessing = 0;
			shellPath = /bin/sh;
			shellScript = "diff \"${PODS_PODFILE_DIR_PATH}/Podfile.lock\" \"${PODS_ROOT}/Manifest.lock\" > /dev/null\nif [ $? != 0 ] ; then\n    # print error to STDERR\n    echo \"error: The sandbox is not in sync with the Podfile.lock. Run 'pod install' or update your CocoaPods installation.\" >&2\n    exit 1\nfi\n# This output is used by Xcode 'outputs' to avoid re-running this script phase.\necho \"SUCCESS\" > \"${SCRIPT_OUTPUT_FILE_0}\"\n";
			showEnvVarsInLog = 0;
		};
/* End PBXShellScriptBuildPhase section */

/* Begin PBXSourcesBuildPhase section */
		OBJ_45 /* Sources */ = {
			isa = PBXSourcesBuildPhase;
			buildActionMask = 0;
			files = (
				OBJ_46 /* ManagedObectExtension.swift in Sources */,
				OBJ_47 /* CoreDataPref.swift in Sources */,
				975FA50C21EA662D00E1D092 /* Obfuscator.swift in Sources */,
				OBJ_48 /* CoreDataPrefCollection.swift in Sources */,
				OBJ_49 /* CoreDataManager.swift in Sources */,
				OBJ_50 /* Logger.swift in Sources */,
				OBJ_51 /* CDDefault+CoreDataClass.swift in Sources */,
				OBJ_52 /* CDDefault+CoreDataProperties.swift in Sources */,
				97BA21DD21E8F9570051BC57 /* CDPref.xcdatamodeld in Sources */,
			);
			runOnlyForDeploymentPostprocessing = 0;
		};
		OBJ_61 /* Sources */ = {
			isa = PBXSourcesBuildPhase;
			buildActionMask = 0;
			files = (
				OBJ_62 /* Package.swift in Sources */,
			);
			runOnlyForDeploymentPostprocessing = 0;
		};
		OBJ_72 /* Sources */ = {
			isa = PBXSourcesBuildPhase;
			buildActionMask = 0;
			files = (
				OBJ_73 /* CoreDataPrefTests.swift in Sources */,
				OBJ_74 /* XCTestManifests.swift in Sources */,
			);
			runOnlyForDeploymentPostprocessing = 0;
		};
/* End PBXSourcesBuildPhase section */

/* Begin PBXTargetDependency section */
		OBJ_67 /* PBXTargetDependency */ = {
			isa = PBXTargetDependency;
			target = "CoreDataPref::CoreDataPrefTests" /* CoreDataPrefTests */;
			targetProxy = 978A19A821E8DF5800A271A8 /* PBXContainerItemProxy */;
		};
		OBJ_78 /* PBXTargetDependency */ = {
			isa = PBXTargetDependency;
			target = "CoreDataPref::CoreDataPref" /* CoreDataPref */;
			targetProxy = 978A19A621E8DF5600A271A8 /* PBXContainerItemProxy */;
		};
/* End PBXTargetDependency section */

/* Begin XCBuildConfiguration section */
		OBJ_3 /* Debug */ = {
			isa = XCBuildConfiguration;
			buildSettings = {
				ALWAYS_EMBED_SWIFT_STANDARD_LIBRARIES = "$(inherited)";
				CLANG_ENABLE_OBJC_ARC = YES;
				CLANG_WARN_BLOCK_CAPTURE_AUTORELEASING = YES;
				CLANG_WARN_BOOL_CONVERSION = YES;
				CLANG_WARN_COMMA = YES;
				CLANG_WARN_CONSTANT_CONVERSION = YES;
				CLANG_WARN_DEPRECATED_OBJC_IMPLEMENTATIONS = YES;
				CLANG_WARN_EMPTY_BODY = YES;
				CLANG_WARN_ENUM_CONVERSION = YES;
				CLANG_WARN_INFINITE_RECURSION = YES;
				CLANG_WARN_INT_CONVERSION = YES;
				CLANG_WARN_NON_LITERAL_NULL_CONVERSION = YES;
				CLANG_WARN_OBJC_IMPLICIT_RETAIN_SELF = YES;
				CLANG_WARN_OBJC_LITERAL_CONVERSION = YES;
				CLANG_WARN_RANGE_LOOP_ANALYSIS = YES;
				CLANG_WARN_STRICT_PROTOTYPES = YES;
				CLANG_WARN_SUSPICIOUS_MOVE = YES;
				CLANG_WARN_UNREACHABLE_CODE = YES;
				CLANG_WARN__DUPLICATE_METHOD_MATCH = YES;
				COMBINE_HIDPI_IMAGES = YES;
				COPY_PHASE_STRIP = NO;
				DEBUG_INFORMATION_FORMAT = dwarf;
				DYLIB_INSTALL_NAME_BASE = "@rpath";
				ENABLE_NS_ASSERTIONS = YES;
				ENABLE_STRICT_OBJC_MSGSEND = YES;
				ENABLE_TESTABILITY = YES;
				GCC_NO_COMMON_BLOCKS = YES;
				GCC_OPTIMIZATION_LEVEL = 0;
				GCC_PREPROCESSOR_DEFINITIONS = (
					"DEBUG=1",
					"$(inherited)",
				);
				GCC_WARN_64_TO_32_BIT_CONVERSION = YES;
				GCC_WARN_ABOUT_RETURN_TYPE = YES;
				GCC_WARN_UNDECLARED_SELECTOR = YES;
				GCC_WARN_UNINITIALIZED_AUTOS = YES;
				GCC_WARN_UNUSED_FUNCTION = YES;
				GCC_WARN_UNUSED_VARIABLE = YES;
				IPHONEOS_DEPLOYMENT_TARGET = 8.4;
				MACOSX_DEPLOYMENT_TARGET = 10.10;
				ONLY_ACTIVE_ARCH = YES;
				OTHER_SWIFT_FLAGS = "-DXcode";
				PRODUCT_NAME = "$(TARGET_NAME)";
				SDKROOT = iphoneos;
				SUPPORTED_PLATFORMS = "macosx iphoneos iphonesimulator appletvos appletvsimulator watchos watchsimulator";
				SWIFT_ACTIVE_COMPILATION_CONDITIONS = "SWIFT_PACKAGE DEBUG";
				SWIFT_OPTIMIZATION_LEVEL = "-Onone";
				USE_HEADERMAP = NO;
			};
			name = Debug;
		};
		OBJ_4 /* Release */ = {
			isa = XCBuildConfiguration;
			buildSettings = {
				ALWAYS_EMBED_SWIFT_STANDARD_LIBRARIES = "$(inherited)";
				CLANG_ENABLE_OBJC_ARC = YES;
				CLANG_WARN_BLOCK_CAPTURE_AUTORELEASING = YES;
				CLANG_WARN_BOOL_CONVERSION = YES;
				CLANG_WARN_COMMA = YES;
				CLANG_WARN_CONSTANT_CONVERSION = YES;
				CLANG_WARN_DEPRECATED_OBJC_IMPLEMENTATIONS = YES;
				CLANG_WARN_EMPTY_BODY = YES;
				CLANG_WARN_ENUM_CONVERSION = YES;
				CLANG_WARN_INFINITE_RECURSION = YES;
				CLANG_WARN_INT_CONVERSION = YES;
				CLANG_WARN_NON_LITERAL_NULL_CONVERSION = YES;
				CLANG_WARN_OBJC_IMPLICIT_RETAIN_SELF = YES;
				CLANG_WARN_OBJC_LITERAL_CONVERSION = YES;
				CLANG_WARN_RANGE_LOOP_ANALYSIS = YES;
				CLANG_WARN_STRICT_PROTOTYPES = YES;
				CLANG_WARN_SUSPICIOUS_MOVE = YES;
				CLANG_WARN_UNREACHABLE_CODE = YES;
				CLANG_WARN__DUPLICATE_METHOD_MATCH = YES;
				COMBINE_HIDPI_IMAGES = YES;
				COPY_PHASE_STRIP = YES;
				DEBUG_INFORMATION_FORMAT = "dwarf-with-dsym";
				DYLIB_INSTALL_NAME_BASE = "@rpath";
				ENABLE_STRICT_OBJC_MSGSEND = YES;
				GCC_NO_COMMON_BLOCKS = YES;
				GCC_OPTIMIZATION_LEVEL = s;
				GCC_WARN_64_TO_32_BIT_CONVERSION = YES;
				GCC_WARN_ABOUT_RETURN_TYPE = YES;
				GCC_WARN_UNDECLARED_SELECTOR = YES;
				GCC_WARN_UNINITIALIZED_AUTOS = YES;
				GCC_WARN_UNUSED_FUNCTION = YES;
				GCC_WARN_UNUSED_VARIABLE = YES;
				IPHONEOS_DEPLOYMENT_TARGET = 8.4;
				MACOSX_DEPLOYMENT_TARGET = 10.10;
				OTHER_SWIFT_FLAGS = "-DXcode";
				PRODUCT_NAME = "$(TARGET_NAME)";
				SDKROOT = iphoneos;
				SUPPORTED_PLATFORMS = "macosx iphoneos iphonesimulator appletvos appletvsimulator watchos watchsimulator";
				SWIFT_ACTIVE_COMPILATION_CONDITIONS = SWIFT_PACKAGE;
				SWIFT_OPTIMIZATION_LEVEL = "-Owholemodule";
				USE_HEADERMAP = NO;
			};
			name = Release;
		};
		OBJ_43 /* Debug */ = {
			isa = XCBuildConfiguration;
			baseConfigurationReference = 71BCB9D1777797ED76782612 /* Pods-CoreDataPref.debug.xcconfig */;
			buildSettings = {
				ALWAYS_EMBED_SWIFT_STANDARD_LIBRARIES = "$(inherited)";
				ENABLE_TESTABILITY = YES;
				FRAMEWORK_SEARCH_PATHS = (
					"$(inherited)",
					"$(PLATFORM_DIR)/Developer/Library/Frameworks",
				);
				HEADER_SEARCH_PATHS = "$(inherited)";
				INFOPLIST_FILE = CoreDataPref.xcodeproj/CoreDataPref_Info.plist;
				LD_RUNPATH_SEARCH_PATHS = "$(inherited) $(TOOLCHAIN_DIR)/usr/lib/swift/macosx";
				OTHER_CFLAGS = "$(inherited)";
				OTHER_LDFLAGS = "$(inherited)";
				OTHER_SWIFT_FLAGS = "$(inherited)";
				PRODUCT_BUNDLE_IDENTIFIER = CoreDataPref;
				PRODUCT_MODULE_NAME = "$(TARGET_NAME:c99extidentifier)";
				PRODUCT_NAME = "$(TARGET_NAME:c99extidentifier)";
				SDKROOT = iphoneos;
				SKIP_INSTALL = YES;
				SWIFT_ACTIVE_COMPILATION_CONDITIONS = "$(inherited)";
				SWIFT_VERSION = 4.2;
				TARGET_NAME = CoreDataPref;
			};
			name = Debug;
		};
		OBJ_44 /* Release */ = {
			isa = XCBuildConfiguration;
			baseConfigurationReference = 1C3F33F08C8165BC055F0C46 /* Pods-CoreDataPref.release.xcconfig */;
			buildSettings = {
				ALWAYS_EMBED_SWIFT_STANDARD_LIBRARIES = "$(inherited)";
				ENABLE_TESTABILITY = YES;
				FRAMEWORK_SEARCH_PATHS = (
					"$(inherited)",
					"$(PLATFORM_DIR)/Developer/Library/Frameworks",
				);
				HEADER_SEARCH_PATHS = "$(inherited)";
				INFOPLIST_FILE = CoreDataPref.xcodeproj/CoreDataPref_Info.plist;
				LD_RUNPATH_SEARCH_PATHS = "$(inherited) $(TOOLCHAIN_DIR)/usr/lib/swift/macosx";
				OTHER_CFLAGS = "$(inherited)";
				OTHER_LDFLAGS = "$(inherited)";
				OTHER_SWIFT_FLAGS = "$(inherited)";
				PRODUCT_BUNDLE_IDENTIFIER = CoreDataPref;
				PRODUCT_MODULE_NAME = "$(TARGET_NAME:c99extidentifier)";
				PRODUCT_NAME = "$(TARGET_NAME:c99extidentifier)";
				SDKROOT = iphoneos;
				SKIP_INSTALL = YES;
				SWIFT_ACTIVE_COMPILATION_CONDITIONS = "$(inherited)";
				SWIFT_VERSION = 4.2;
				TARGET_NAME = CoreDataPref;
			};
			name = Release;
		};
		OBJ_59 /* Debug */ = {
			isa = XCBuildConfiguration;
			baseConfigurationReference = 799BFFBD54B69EBDDF61063E /* Pods-CoreDataPrefPackageDescription.debug.xcconfig */;
			buildSettings = {
				ALWAYS_EMBED_SWIFT_STANDARD_LIBRARIES = "$(inherited)";
				LD = /usr/bin/true;
				OTHER_SWIFT_FLAGS = "-swift-version 4.2 -I $(TOOLCHAIN_DIR)/usr/lib/swift/pm/4_2 -target x86_64-apple-macosx10.10 -sdk /Applications/Xcode.app/Contents/Developer/Platforms/MacOSX.platform/Developer/SDKs/MacOSX10.14.sdk";
				SDKROOT = iphoneos;
				SWIFT_VERSION = 4.2;
			};
			name = Debug;
		};
		OBJ_60 /* Release */ = {
			isa = XCBuildConfiguration;
			baseConfigurationReference = 980F91D76463B8978C6A52EB /* Pods-CoreDataPrefPackageDescription.release.xcconfig */;
			buildSettings = {
				ALWAYS_EMBED_SWIFT_STANDARD_LIBRARIES = "$(inherited)";
				LD = /usr/bin/true;
				OTHER_SWIFT_FLAGS = "-swift-version 4.2 -I $(TOOLCHAIN_DIR)/usr/lib/swift/pm/4_2 -target x86_64-apple-macosx10.10 -sdk /Applications/Xcode.app/Contents/Developer/Platforms/MacOSX.platform/Developer/SDKs/MacOSX10.14.sdk";
				SDKROOT = iphoneos;
				SWIFT_VERSION = 4.2;
			};
			name = Release;
		};
		OBJ_65 /* Debug */ = {
			isa = XCBuildConfiguration;
			buildSettings = {
				ALWAYS_EMBED_SWIFT_STANDARD_LIBRARIES = "$(inherited)";
				SDKROOT = iphoneos;
			};
			name = Debug;
		};
		OBJ_66 /* Release */ = {
			isa = XCBuildConfiguration;
			buildSettings = {
				ALWAYS_EMBED_SWIFT_STANDARD_LIBRARIES = "$(inherited)";
				SDKROOT = iphoneos;
			};
			name = Release;
		};
		OBJ_70 /* Debug */ = {
			isa = XCBuildConfiguration;
			baseConfigurationReference = E36D0467C634E09B62A877DF /* Pods-CoreDataPrefTests.debug.xcconfig */;
			buildSettings = {
				ALWAYS_EMBED_SWIFT_STANDARD_LIBRARIES = "$(inherited)";
				CLANG_ENABLE_MODULES = YES;
				CLANG_STATIC_ANALYZER_MODE = deep;
				CLANG_WARN_OBJC_EXPLICIT_OWNERSHIP_TYPE = YES;
				CLANG_WARN_OBJC_REPEATED_USE_OF_WEAK = YES;
				FRAMEWORK_SEARCH_PATHS = (
					"$(inherited)",
					"$(PLATFORM_DIR)/Developer/Library/Frameworks",
				);
				HEADER_SEARCH_PATHS = "$(inherited)";
				INFOPLIST_FILE = CoreDataPref.xcodeproj/CoreDataPrefTests_Info.plist;
				LD_RUNPATH_SEARCH_PATHS = "$(inherited) @loader_path/../Frameworks @loader_path/Frameworks";
				OTHER_CFLAGS = "$(inherited)";
				OTHER_LDFLAGS = "$(inherited)";
				OTHER_SWIFT_FLAGS = "$(inherited)";
				RUN_CLANG_STATIC_ANALYZER = YES;
				SDKROOT = iphoneos;
				SWIFT_ACTIVE_COMPILATION_CONDITIONS = "$(inherited)";
				SWIFT_VERSION = 4.2;
				TARGET_NAME = CoreDataPrefTests;
			};
			name = Debug;
		};
		OBJ_71 /* Release */ = {
			isa = XCBuildConfiguration;
			baseConfigurationReference = 224554E7BE5FEEAB671D0CF3 /* Pods-CoreDataPrefTests.release.xcconfig */;
			buildSettings = {
				ALWAYS_EMBED_SWIFT_STANDARD_LIBRARIES = "$(inherited)";
				CLANG_ENABLE_MODULES = YES;
				CLANG_STATIC_ANALYZER_MODE = deep;
				CLANG_WARN_OBJC_EXPLICIT_OWNERSHIP_TYPE = YES;
				CLANG_WARN_OBJC_REPEATED_USE_OF_WEAK = YES;
				FRAMEWORK_SEARCH_PATHS = (
					"$(inherited)",
					"$(PLATFORM_DIR)/Developer/Library/Frameworks",
				);
				HEADER_SEARCH_PATHS = "$(inherited)";
				INFOPLIST_FILE = CoreDataPref.xcodeproj/CoreDataPrefTests_Info.plist;
				LD_RUNPATH_SEARCH_PATHS = "$(inherited) @loader_path/../Frameworks @loader_path/Frameworks";
				OTHER_CFLAGS = "$(inherited)";
				OTHER_LDFLAGS = "$(inherited)";
				OTHER_SWIFT_FLAGS = "$(inherited)";
				RUN_CLANG_STATIC_ANALYZER = YES;
				SDKROOT = iphoneos;
				SWIFT_ACTIVE_COMPILATION_CONDITIONS = "$(inherited)";
				SWIFT_VERSION = 4.2;
				TARGET_NAME = CoreDataPrefTests;
			};
			name = Release;
		};
/* End XCBuildConfiguration section */

/* Begin XCConfigurationList section */
		OBJ_2 /* Build configuration list for PBXProject "CoreDataPref" */ = {
			isa = XCConfigurationList;
			buildConfigurations = (
				OBJ_3 /* Debug */,
				OBJ_4 /* Release */,
			);
			defaultConfigurationIsVisible = 0;
			defaultConfigurationName = Release;
		};
		OBJ_42 /* Build configuration list for PBXNativeTarget "CoreDataPref" */ = {
			isa = XCConfigurationList;
			buildConfigurations = (
				OBJ_43 /* Debug */,
				OBJ_44 /* Release */,
			);
			defaultConfigurationIsVisible = 0;
			defaultConfigurationName = Release;
		};
		OBJ_58 /* Build configuration list for PBXNativeTarget "CoreDataPrefPackageDescription" */ = {
			isa = XCConfigurationList;
			buildConfigurations = (
				OBJ_59 /* Debug */,
				OBJ_60 /* Release */,
			);
			defaultConfigurationIsVisible = 0;
			defaultConfigurationName = Release;
		};
		OBJ_64 /* Build configuration list for PBXAggregateTarget "CoreDataPrefPackageTests" */ = {
			isa = XCConfigurationList;
			buildConfigurations = (
				OBJ_65 /* Debug */,
				OBJ_66 /* Release */,
			);
			defaultConfigurationIsVisible = 0;
			defaultConfigurationName = Release;
		};
		OBJ_69 /* Build configuration list for PBXNativeTarget "CoreDataPrefTests" */ = {
			isa = XCConfigurationList;
			buildConfigurations = (
				OBJ_70 /* Debug */,
				OBJ_71 /* Release */,
			);
			defaultConfigurationIsVisible = 0;
			defaultConfigurationName = Release;
		};
/* End XCConfigurationList section */

/* Begin XCVersionGroup section */
		97BA21DB21E8F9570051BC57 /* CDPref.xcdatamodeld */ = {
			isa = XCVersionGroup;
			children = (
				97BA21DC21E8F9570051BC57 /* CDPref.xcdatamodel */,
			);
			currentVersion = 97BA21DC21E8F9570051BC57 /* CDPref.xcdatamodel */;
			name = CDPref.xcdatamodeld;
			path = ../Model/CDPref.xcdatamodeld;
			sourceTree = "<group>";
			versionGroupType = wrapper.xcdatamodel;
		};
/* End XCVersionGroup section */
	};
	rootObject = OBJ_1 /* Project object */;
}
