// !$*UTF8*$!
{
	archiveVersion = 1;
	classes = {
	};
	objectVersion = 50;
	objects = {

/* Begin PBXBuildFile section */
		523595BFD301EC40561E3BEE /* Pods_CoreDataDefaultsTests.framework in Frameworks */ = {isa = PBXBuildFile; fileRef = 10C986C5648B101555128CC2 /* Pods_CoreDataDefaultsTests.framework */; };
		9750FE7821EA8D33005D3A66 /* CoreDataDefaults.framework in Frameworks */ = {isa = PBXBuildFile; fileRef = 9750FE6E21EA8D32005D3A66 /* CoreDataDefaults.framework */; };
		9750FE7D21EA8D33005D3A66 /* CoreDataDefaultsTests.swift in Sources */ = {isa = PBXBuildFile; fileRef = 9750FE7C21EA8D33005D3A66 /* CoreDataDefaultsTests.swift */; };
		9750FE7F21EA8D33005D3A66 /* CoreDataDefaults.h in Headers */ = {isa = PBXBuildFile; fileRef = 9750FE7121EA8D32005D3A66 /* CoreDataDefaults.h */; settings = {ATTRIBUTES = (Public, ); }; };
		9750FE9521EA8DE7005D3A66 /* CDDefault+CoreDataClass.swift in Sources */ = {isa = PBXBuildFile; fileRef = 9750FE8921EA8DE7005D3A66 /* CDDefault+CoreDataClass.swift */; };
		9750FE9621EA8DE7005D3A66 /* CDDefault+CoreDataProperties.swift in Sources */ = {isa = PBXBuildFile; fileRef = 9750FE8A21EA8DE7005D3A66 /* CDDefault+CoreDataProperties.swift */; };
		9750FE9721EA8DE7005D3A66 /* CDPref.xcdatamodeld in Sources */ = {isa = PBXBuildFile; fileRef = 9750FE8B21EA8DE7005D3A66 /* CDPref.xcdatamodeld */; };
		9750FE9821EA8DE7005D3A66 /* Obfuscator.swift in Sources */ = {isa = PBXBuildFile; fileRef = 9750FE8E21EA8DE7005D3A66 /* Obfuscator.swift */; };
		9750FE9921EA8DE7005D3A66 /* ManagedObectExtension.swift in Sources */ = {isa = PBXBuildFile; fileRef = 9750FE9021EA8DE7005D3A66 /* ManagedObectExtension.swift */; };
		9750FE9A21EA8DE7005D3A66 /* Logger.swift in Sources */ = {isa = PBXBuildFile; fileRef = 9750FE9221EA8DE7005D3A66 /* Logger.swift */; };
		9750FE9B21EA8DE7005D3A66 /* CoreDataManager.swift in Sources */ = {isa = PBXBuildFile; fileRef = 9750FE9421EA8DE7005D3A66 /* CoreDataManager.swift */; };
		97DDF02521EA905E00E4F9B6 /* EncryptedCoreData.framework in Frameworks */ = {isa = PBXBuildFile; fileRef = 97DDF02421EA905E00E4F9B6 /* EncryptedCoreData.framework */; };
		97DDF02721EA905E00E4F9B6 /* SwiftyBeaver.framework in Frameworks */ = {isa = PBXBuildFile; fileRef = 97DDF02621EA905E00E4F9B6 /* SwiftyBeaver.framework */; };
		97DDF02A21EA91FA00E4F9B6 /* CoreDataPrefCollection.swift in Sources */ = {isa = PBXBuildFile; fileRef = 97DDF02821EA91FA00E4F9B6 /* CoreDataPrefCollection.swift */; };
		97DDF02B21EA91FA00E4F9B6 /* CoreDataPref.swift in Sources */ = {isa = PBXBuildFile; fileRef = 97DDF02921EA91FA00E4F9B6 /* CoreDataPref.swift */; };
		CEB06C3E104048CA6B6EB73B /* Pods_CoreDataDefaults.framework in Frameworks */ = {isa = PBXBuildFile; fileRef = D700B88C8D016BC9F302BBE7 /* Pods_CoreDataDefaults.framework */; };
/* End PBXBuildFile section */

/* Begin PBXContainerItemProxy section */
		9750FE7921EA8D33005D3A66 /* PBXContainerItemProxy */ = {
			isa = PBXContainerItemProxy;
			containerPortal = 9750FE6521EA8D32005D3A66 /* Project object */;
			proxyType = 1;
			remoteGlobalIDString = 9750FE6D21EA8D32005D3A66;
			remoteInfo = CoreDataDefaults;
		};
/* End PBXContainerItemProxy section */

/* Begin PBXFileReference section */
		10C986C5648B101555128CC2 /* Pods_CoreDataDefaultsTests.framework */ = {isa = PBXFileReference; explicitFileType = wrapper.framework; includeInIndex = 0; path = Pods_CoreDataDefaultsTests.framework; sourceTree = BUILT_PRODUCTS_DIR; };
		1AEFBC1415C1AA86449E383D /* Pods-CoreDataDefaultsTests.release.xcconfig */ = {isa = PBXFileReference; includeInIndex = 1; lastKnownFileType = text.xcconfig; name = "Pods-CoreDataDefaultsTests.release.xcconfig"; path = "Pods/Target Support Files/Pods-CoreDataDefaultsTests/Pods-CoreDataDefaultsTests.release.xcconfig"; sourceTree = "<group>"; };
		289A3B0D43EF7E5ADE03A97C /* Pods-CoreDataDefaults.debug.xcconfig */ = {isa = PBXFileReference; includeInIndex = 1; lastKnownFileType = text.xcconfig; name = "Pods-CoreDataDefaults.debug.xcconfig"; path = "Pods/Target Support Files/Pods-CoreDataDefaults/Pods-CoreDataDefaults.debug.xcconfig"; sourceTree = "<group>"; };
		3C571A1FF10F71E92166678E /* Pods-CoreDataDefaults.release.xcconfig */ = {isa = PBXFileReference; includeInIndex = 1; lastKnownFileType = text.xcconfig; name = "Pods-CoreDataDefaults.release.xcconfig"; path = "Pods/Target Support Files/Pods-CoreDataDefaults/Pods-CoreDataDefaults.release.xcconfig"; sourceTree = "<group>"; };
		9750FE6E21EA8D32005D3A66 /* CoreDataDefaults.framework */ = {isa = PBXFileReference; explicitFileType = wrapper.framework; includeInIndex = 0; path = CoreDataDefaults.framework; sourceTree = BUILT_PRODUCTS_DIR; };
		9750FE7121EA8D32005D3A66 /* CoreDataDefaults.h */ = {isa = PBXFileReference; lastKnownFileType = sourcecode.c.h; path = CoreDataDefaults.h; sourceTree = "<group>"; };
		9750FE7221EA8D32005D3A66 /* Info.plist */ = {isa = PBXFileReference; lastKnownFileType = text.plist.xml; path = Info.plist; sourceTree = "<group>"; };
		9750FE7721EA8D33005D3A66 /* CoreDataDefaultsTests.xctest */ = {isa = PBXFileReference; explicitFileType = wrapper.cfbundle; includeInIndex = 0; path = CoreDataDefaultsTests.xctest; sourceTree = BUILT_PRODUCTS_DIR; };
		9750FE7C21EA8D33005D3A66 /* CoreDataDefaultsTests.swift */ = {isa = PBXFileReference; lastKnownFileType = sourcecode.swift; path = CoreDataDefaultsTests.swift; sourceTree = "<group>"; };
		9750FE7E21EA8D33005D3A66 /* Info.plist */ = {isa = PBXFileReference; lastKnownFileType = text.plist.xml; path = Info.plist; sourceTree = "<group>"; };
		9750FE8921EA8DE7005D3A66 /* CDDefault+CoreDataClass.swift */ = {isa = PBXFileReference; fileEncoding = 4; lastKnownFileType = sourcecode.swift; path = "CDDefault+CoreDataClass.swift"; sourceTree = "<group>"; };
		9750FE8A21EA8DE7005D3A66 /* CDDefault+CoreDataProperties.swift */ = {isa = PBXFileReference; fileEncoding = 4; lastKnownFileType = sourcecode.swift; path = "CDDefault+CoreDataProperties.swift"; sourceTree = "<group>"; };
		9750FE8C21EA8DE7005D3A66 /* CDPref.xcdatamodel */ = {isa = PBXFileReference; lastKnownFileType = wrapper.xcdatamodel; path = CDPref.xcdatamodel; sourceTree = "<group>"; };
		9750FE8E21EA8DE7005D3A66 /* Obfuscator.swift */ = {isa = PBXFileReference; fileEncoding = 4; lastKnownFileType = sourcecode.swift; path = Obfuscator.swift; sourceTree = "<group>"; };
		9750FE9021EA8DE7005D3A66 /* ManagedObectExtension.swift */ = {isa = PBXFileReference; fileEncoding = 4; lastKnownFileType = sourcecode.swift; path = ManagedObectExtension.swift; sourceTree = "<group>"; };
		9750FE9221EA8DE7005D3A66 /* Logger.swift */ = {isa = PBXFileReference; fileEncoding = 4; lastKnownFileType = sourcecode.swift; path = Logger.swift; sourceTree = "<group>"; };
		9750FE9421EA8DE7005D3A66 /* CoreDataManager.swift */ = {isa = PBXFileReference; fileEncoding = 4; lastKnownFileType = sourcecode.swift; path = CoreDataManager.swift; sourceTree = "<group>"; };
		97DDF02421EA905E00E4F9B6 /* EncryptedCoreData.framework */ = {isa = PBXFileReference; explicitFileType = wrapper.framework; path = EncryptedCoreData.framework; sourceTree = BUILT_PRODUCTS_DIR; };
		97DDF02621EA905E00E4F9B6 /* SwiftyBeaver.framework */ = {isa = PBXFileReference; explicitFileType = wrapper.framework; path = SwiftyBeaver.framework; sourceTree = BUILT_PRODUCTS_DIR; };
		97DDF02821EA91FA00E4F9B6 /* CoreDataPrefCollection.swift */ = {isa = PBXFileReference; fileEncoding = 4; lastKnownFileType = sourcecode.swift; path = CoreDataPrefCollection.swift; sourceTree = "<group>"; };
		97DDF02921EA91FA00E4F9B6 /* CoreDataPref.swift */ = {isa = PBXFileReference; fileEncoding = 4; lastKnownFileType = sourcecode.swift; path = CoreDataPref.swift; sourceTree = "<group>"; };
		C22C74CBE5751B66E4E9E4BE /* Pods-CoreDataDefaultsTests.debug.xcconfig */ = {isa = PBXFileReference; includeInIndex = 1; lastKnownFileType = text.xcconfig; name = "Pods-CoreDataDefaultsTests.debug.xcconfig"; path = "Pods/Target Support Files/Pods-CoreDataDefaultsTests/Pods-CoreDataDefaultsTests.debug.xcconfig"; sourceTree = "<group>"; };
		D700B88C8D016BC9F302BBE7 /* Pods_CoreDataDefaults.framework */ = {isa = PBXFileReference; explicitFileType = wrapper.framework; includeInIndex = 0; path = Pods_CoreDataDefaults.framework; sourceTree = BUILT_PRODUCTS_DIR; };
/* End PBXFileReference section */

/* Begin PBXFrameworksBuildPhase section */
		9750FE6B21EA8D32005D3A66 /* Frameworks */ = {
			isa = PBXFrameworksBuildPhase;
			buildActionMask = 2147483647;
			files = (
				97DDF02521EA905E00E4F9B6 /* EncryptedCoreData.framework in Frameworks */,
				97DDF02721EA905E00E4F9B6 /* SwiftyBeaver.framework in Frameworks */,
				CEB06C3E104048CA6B6EB73B /* Pods_CoreDataDefaults.framework in Frameworks */,
			);
			runOnlyForDeploymentPostprocessing = 0;
		};
		9750FE7421EA8D33005D3A66 /* Frameworks */ = {
			isa = PBXFrameworksBuildPhase;
			buildActionMask = 2147483647;
			files = (
				9750FE7821EA8D33005D3A66 /* CoreDataDefaults.framework in Frameworks */,
				523595BFD301EC40561E3BEE /* Pods_CoreDataDefaultsTests.framework in Frameworks */,
			);
			runOnlyForDeploymentPostprocessing = 0;
		};
/* End PBXFrameworksBuildPhase section */

/* Begin PBXGroup section */
		9583808C51C53EDEF4BF6207 /* Frameworks */ = {
			isa = PBXGroup;
			children = (
				97DDF02421EA905E00E4F9B6 /* EncryptedCoreData.framework */,
				97DDF02621EA905E00E4F9B6 /* SwiftyBeaver.framework */,
				D700B88C8D016BC9F302BBE7 /* Pods_CoreDataDefaults.framework */,
				10C986C5648B101555128CC2 /* Pods_CoreDataDefaultsTests.framework */,
			);
			name = Frameworks;
			sourceTree = "<group>";
		};
		9750FE6421EA8D32005D3A66 = {
			isa = PBXGroup;
			children = (
				9750FE7021EA8D32005D3A66 /* CoreDataDefaults */,
				9750FE7B21EA8D33005D3A66 /* CoreDataDefaultsTests */,
				9750FE6F21EA8D32005D3A66 /* Products */,
				ABC48D135714FA9353F4A0AE /* Pods */,
				9583808C51C53EDEF4BF6207 /* Frameworks */,
			);
			sourceTree = "<group>";
		};
		9750FE6F21EA8D32005D3A66 /* Products */ = {
			isa = PBXGroup;
			children = (
				9750FE6E21EA8D32005D3A66 /* CoreDataDefaults.framework */,
				9750FE7721EA8D33005D3A66 /* CoreDataDefaultsTests.xctest */,
			);
			name = Products;
			sourceTree = "<group>";
		};
		9750FE7021EA8D32005D3A66 /* CoreDataDefaults */ = {
			isa = PBXGroup;
			children = (
				97DDF02921EA91FA00E4F9B6 /* CoreDataPref.swift */,
				97DDF02821EA91FA00E4F9B6 /* CoreDataPrefCollection.swift */,
				9750FE8F21EA8DE7005D3A66 /* CoreDataHelper */,
				9750FE9321EA8DE7005D3A66 /* DataManager */,
				9750FE9121EA8DE7005D3A66 /* Logger */,
				9750FE8821EA8DE7005D3A66 /* Model */,
				9750FE8D21EA8DE7005D3A66 /* Obfuscator */,
				9750FE7121EA8D32005D3A66 /* CoreDataDefaults.h */,
				9750FE7221EA8D32005D3A66 /* Info.plist */,
			);
			path = CoreDataDefaults;
			sourceTree = "<group>";
		};
		9750FE7B21EA8D33005D3A66 /* CoreDataDefaultsTests */ = {
			isa = PBXGroup;
			children = (
				9750FE7C21EA8D33005D3A66 /* CoreDataDefaultsTests.swift */,
				9750FE7E21EA8D33005D3A66 /* Info.plist */,
			);
			path = CoreDataDefaultsTests;
			sourceTree = "<group>";
		};
		9750FE8821EA8DE7005D3A66 /* Model */ = {
			isa = PBXGroup;
			children = (
				9750FE8921EA8DE7005D3A66 /* CDDefault+CoreDataClass.swift */,
				9750FE8A21EA8DE7005D3A66 /* CDDefault+CoreDataProperties.swift */,
				9750FE8B21EA8DE7005D3A66 /* CDPref.xcdatamodeld */,
			);
			path = Model;
			sourceTree = "<group>";
		};
		9750FE8D21EA8DE7005D3A66 /* Obfuscator */ = {
			isa = PBXGroup;
			children = (
				9750FE8E21EA8DE7005D3A66 /* Obfuscator.swift */,
			);
			path = Obfuscator;
			sourceTree = "<group>";
		};
		9750FE8F21EA8DE7005D3A66 /* CoreDataHelper */ = {
			isa = PBXGroup;
			children = (
				9750FE9021EA8DE7005D3A66 /* ManagedObectExtension.swift */,
			);
			path = CoreDataHelper;
			sourceTree = "<group>";
		};
		9750FE9121EA8DE7005D3A66 /* Logger */ = {
			isa = PBXGroup;
			children = (
				9750FE9221EA8DE7005D3A66 /* Logger.swift */,
			);
			path = Logger;
			sourceTree = "<group>";
		};
		9750FE9321EA8DE7005D3A66 /* DataManager */ = {
			isa = PBXGroup;
			children = (
				9750FE9421EA8DE7005D3A66 /* CoreDataManager.swift */,
			);
			path = DataManager;
			sourceTree = "<group>";
		};
		ABC48D135714FA9353F4A0AE /* Pods */ = {
			isa = PBXGroup;
			children = (
				289A3B0D43EF7E5ADE03A97C /* Pods-CoreDataDefaults.debug.xcconfig */,
				3C571A1FF10F71E92166678E /* Pods-CoreDataDefaults.release.xcconfig */,
				C22C74CBE5751B66E4E9E4BE /* Pods-CoreDataDefaultsTests.debug.xcconfig */,
				1AEFBC1415C1AA86449E383D /* Pods-CoreDataDefaultsTests.release.xcconfig */,
			);
			name = Pods;
			sourceTree = "<group>";
		};
/* End PBXGroup section */

/* Begin PBXHeadersBuildPhase section */
		9750FE6921EA8D32005D3A66 /* Headers */ = {
			isa = PBXHeadersBuildPhase;
			buildActionMask = 2147483647;
			files = (
				9750FE7F21EA8D33005D3A66 /* CoreDataDefaults.h in Headers */,
			);
			runOnlyForDeploymentPostprocessing = 0;
		};
/* End PBXHeadersBuildPhase section */

/* Begin PBXNativeTarget section */
		9750FE6D21EA8D32005D3A66 /* CoreDataDefaults */ = {
			isa = PBXNativeTarget;
			buildConfigurationList = 9750FE8221EA8D33005D3A66 /* Build configuration list for PBXNativeTarget "CoreDataDefaults" */;
			buildPhases = (
				5CCB10B470E0087E47950F48 /* [CP] Check Pods Manifest.lock */,
				9750FE6921EA8D32005D3A66 /* Headers */,
				9750FE6A21EA8D32005D3A66 /* Sources */,
				9750FE6B21EA8D32005D3A66 /* Frameworks */,
				9750FE6C21EA8D32005D3A66 /* Resources */,
			);
			buildRules = (
			);
			dependencies = (
			);
			name = CoreDataDefaults;
			productName = CoreDataDefaults;
			productReference = 9750FE6E21EA8D32005D3A66 /* CoreDataDefaults.framework */;
			productType = "com.apple.product-type.framework";
		};
		9750FE7621EA8D33005D3A66 /* CoreDataDefaultsTests */ = {
			isa = PBXNativeTarget;
			buildConfigurationList = 9750FE8521EA8D33005D3A66 /* Build configuration list for PBXNativeTarget "CoreDataDefaultsTests" */;
			buildPhases = (
				BF0C4379C53D30CE2C1B3171 /* [CP] Check Pods Manifest.lock */,
				9750FE7321EA8D33005D3A66 /* Sources */,
				9750FE7421EA8D33005D3A66 /* Frameworks */,
				9750FE7521EA8D33005D3A66 /* Resources */,
				AA4F9C2EEC1BBAAAD8DA8023 /* [CP] Embed Pods Frameworks */,
			);
			buildRules = (
			);
			dependencies = (
				9750FE7A21EA8D33005D3A66 /* PBXTargetDependency */,
			);
			name = CoreDataDefaultsTests;
			productName = CoreDataDefaultsTests;
			productReference = 9750FE7721EA8D33005D3A66 /* CoreDataDefaultsTests.xctest */;
			productType = "com.apple.product-type.bundle.unit-test";
		};
/* End PBXNativeTarget section */

/* Begin PBXProject section */
		9750FE6521EA8D32005D3A66 /* Project object */ = {
			isa = PBXProject;
			attributes = {
				LastSwiftUpdateCheck = 1010;
				LastUpgradeCheck = 1010;
				ORGANIZATIONNAME = "Ankit Thakur";
				TargetAttributes = {
					9750FE6D21EA8D32005D3A66 = {
						CreatedOnToolsVersion = 10.1;
					};
					9750FE7621EA8D33005D3A66 = {
						CreatedOnToolsVersion = 10.1;
					};
				};
			};
			buildConfigurationList = 9750FE6821EA8D32005D3A66 /* Build configuration list for PBXProject "CoreDataDefaults" */;
			compatibilityVersion = "Xcode 9.3";
			developmentRegion = en;
			hasScannedForEncodings = 0;
			knownRegions = (
				en,
			);
			mainGroup = 9750FE6421EA8D32005D3A66;
			productRefGroup = 9750FE6F21EA8D32005D3A66 /* Products */;
			projectDirPath = "";
			projectRoot = "";
			targets = (
				9750FE6D21EA8D32005D3A66 /* CoreDataDefaults */,
				9750FE7621EA8D33005D3A66 /* CoreDataDefaultsTests */,
			);
		};
/* End PBXProject section */

/* Begin PBXResourcesBuildPhase section */
		9750FE6C21EA8D32005D3A66 /* Resources */ = {
			isa = PBXResourcesBuildPhase;
			buildActionMask = 2147483647;
			files = (
			);
			runOnlyForDeploymentPostprocessing = 0;
		};
		9750FE7521EA8D33005D3A66 /* Resources */ = {
			isa = PBXResourcesBuildPhase;
			buildActionMask = 2147483647;
			files = (
			);
			runOnlyForDeploymentPostprocessing = 0;
		};
/* End PBXResourcesBuildPhase section */

/* Begin PBXShellScriptBuildPhase section */
		5CCB10B470E0087E47950F48 /* [CP] Check Pods Manifest.lock */ = {
			isa = PBXShellScriptBuildPhase;
			buildActionMask = 2147483647;
			files = (
			);
			inputPaths = (
				"${PODS_PODFILE_DIR_PATH}/Podfile.lock",
				"${PODS_ROOT}/Manifest.lock",
			);
			name = "[CP] Check Pods Manifest.lock";
			outputPaths = (
				"$(DERIVED_FILE_DIR)/Pods-CoreDataDefaults-checkManifestLockResult.txt",
			);
			runOnlyForDeploymentPostprocessing = 0;
			shellPath = /bin/sh;
			shellScript = "diff \"${PODS_PODFILE_DIR_PATH}/Podfile.lock\" \"${PODS_ROOT}/Manifest.lock\" > /dev/null\nif [ $? != 0 ] ; then\n    # print error to STDERR\n    echo \"error: The sandbox is not in sync with the Podfile.lock. Run 'pod install' or update your CocoaPods installation.\" >&2\n    exit 1\nfi\n# This output is used by Xcode 'outputs' to avoid re-running this script phase.\necho \"SUCCESS\" > \"${SCRIPT_OUTPUT_FILE_0}\"\n";
			showEnvVarsInLog = 0;
		};
		AA4F9C2EEC1BBAAAD8DA8023 /* [CP] Embed Pods Frameworks */ = {
			isa = PBXShellScriptBuildPhase;
			buildActionMask = 2147483647;
			files = (
			);
			inputPaths = (
				"${SRCROOT}/Pods/Target Support Files/Pods-CoreDataDefaultsTests/Pods-CoreDataDefaultsTests-frameworks.sh",
				"${BUILT_PRODUCTS_DIR}/EncryptedCoreData/EncryptedCoreData.framework",
				"${BUILT_PRODUCTS_DIR}/SQLCipher/SQLCipher.framework",
				"${BUILT_PRODUCTS_DIR}/SwiftyBeaver/SwiftyBeaver.framework",
			);
			name = "[CP] Embed Pods Frameworks";
			outputPaths = (
				"${TARGET_BUILD_DIR}/${FRAMEWORKS_FOLDER_PATH}/EncryptedCoreData.framework",
				"${TARGET_BUILD_DIR}/${FRAMEWORKS_FOLDER_PATH}/SQLCipher.framework",
				"${TARGET_BUILD_DIR}/${FRAMEWORKS_FOLDER_PATH}/SwiftyBeaver.framework",
			);
			runOnlyForDeploymentPostprocessing = 0;
			shellPath = /bin/sh;
			shellScript = "\"${SRCROOT}/Pods/Target Support Files/Pods-CoreDataDefaultsTests/Pods-CoreDataDefaultsTests-frameworks.sh\"\n";
			showEnvVarsInLog = 0;
		};
		BF0C4379C53D30CE2C1B3171 /* [CP] Check Pods Manifest.lock */ = {
			isa = PBXShellScriptBuildPhase;
			buildActionMask = 2147483647;
			files = (
			);
			inputPaths = (
				"${PODS_PODFILE_DIR_PATH}/Podfile.lock",
				"${PODS_ROOT}/Manifest.lock",
			);
			name = "[CP] Check Pods Manifest.lock";
			outputPaths = (
				"$(DERIVED_FILE_DIR)/Pods-CoreDataDefaultsTests-checkManifestLockResult.txt",
			);
			runOnlyForDeploymentPostprocessing = 0;
			shellPath = /bin/sh;
			shellScript = "diff \"${PODS_PODFILE_DIR_PATH}/Podfile.lock\" \"${PODS_ROOT}/Manifest.lock\" > /dev/null\nif [ $? != 0 ] ; then\n    # print error to STDERR\n    echo \"error: The sandbox is not in sync with the Podfile.lock. Run 'pod install' or update your CocoaPods installation.\" >&2\n    exit 1\nfi\n# This output is used by Xcode 'outputs' to avoid re-running this script phase.\necho \"SUCCESS\" > \"${SCRIPT_OUTPUT_FILE_0}\"\n";
			showEnvVarsInLog = 0;
		};
/* End PBXShellScriptBuildPhase section */

/* Begin PBXSourcesBuildPhase section */
		9750FE6A21EA8D32005D3A66 /* Sources */ = {
			isa = PBXSourcesBuildPhase;
			buildActionMask = 2147483647;
			files = (
				9750FE9921EA8DE7005D3A66 /* ManagedObectExtension.swift in Sources */,
				9750FE9A21EA8DE7005D3A66 /* Logger.swift in Sources */,
				97DDF02B21EA91FA00E4F9B6 /* CoreDataPref.swift in Sources */,
				9750FE9621EA8DE7005D3A66 /* CDDefault+CoreDataProperties.swift in Sources */,
				97DDF02A21EA91FA00E4F9B6 /* CoreDataPrefCollection.swift in Sources */,
				9750FE9721EA8DE7005D3A66 /* CDPref.xcdatamodeld in Sources */,
				9750FE9521EA8DE7005D3A66 /* CDDefault+CoreDataClass.swift in Sources */,
				9750FE9B21EA8DE7005D3A66 /* CoreDataManager.swift in Sources */,
				9750FE9821EA8DE7005D3A66 /* Obfuscator.swift in Sources */,
			);
			runOnlyForDeploymentPostprocessing = 0;
		};
		9750FE7321EA8D33005D3A66 /* Sources */ = {
			isa = PBXSourcesBuildPhase;
			buildActionMask = 2147483647;
			files = (
				9750FE7D21EA8D33005D3A66 /* CoreDataDefaultsTests.swift in Sources */,
			);
			runOnlyForDeploymentPostprocessing = 0;
		};
/* End PBXSourcesBuildPhase section */

/* Begin PBXTargetDependency section */
		9750FE7A21EA8D33005D3A66 /* PBXTargetDependency */ = {
			isa = PBXTargetDependency;
			target = 9750FE6D21EA8D32005D3A66 /* CoreDataDefaults */;
			targetProxy = 9750FE7921EA8D33005D3A66 /* PBXContainerItemProxy */;
		};
/* End PBXTargetDependency section */

/* Begin XCBuildConfiguration section */
		9750FE8021EA8D33005D3A66 /* Debug */ = {
			isa = XCBuildConfiguration;
			buildSettings = {
				ALWAYS_EMBED_SWIFT_STANDARD_LIBRARIES = "$(inherited}";
				ALWAYS_SEARCH_USER_PATHS = NO;
				CLANG_ANALYZER_NONNULL = YES;
				CLANG_ANALYZER_NUMBER_OBJECT_CONVERSION = YES_AGGRESSIVE;
				CLANG_CXX_LANGUAGE_STANDARD = "gnu++14";
				CLANG_CXX_LIBRARY = "libc++";
				CLANG_ENABLE_MODULES = YES;
				CLANG_ENABLE_OBJC_ARC = YES;
				CLANG_ENABLE_OBJC_WEAK = YES;
				CLANG_WARN_BLOCK_CAPTURE_AUTORELEASING = YES;
				CLANG_WARN_BOOL_CONVERSION = YES;
				CLANG_WARN_COMMA = YES;
				CLANG_WARN_CONSTANT_CONVERSION = YES;
				CLANG_WARN_DEPRECATED_OBJC_IMPLEMENTATIONS = YES;
				CLANG_WARN_DIRECT_OBJC_ISA_USAGE = YES_ERROR;
				CLANG_WARN_DOCUMENTATION_COMMENTS = YES;
				CLANG_WARN_EMPTY_BODY = YES;
				CLANG_WARN_ENUM_CONVERSION = YES;
				CLANG_WARN_INFINITE_RECURSION = YES;
				CLANG_WARN_INT_CONVERSION = YES;
				CLANG_WARN_NON_LITERAL_NULL_CONVERSION = YES;
				CLANG_WARN_OBJC_IMPLICIT_RETAIN_SELF = YES;
				CLANG_WARN_OBJC_LITERAL_CONVERSION = YES;
				CLANG_WARN_OBJC_ROOT_CLASS = YES_ERROR;
				CLANG_WARN_RANGE_LOOP_ANALYSIS = YES;
				CLANG_WARN_STRICT_PROTOTYPES = YES;
				CLANG_WARN_SUSPICIOUS_MOVE = YES;
				CLANG_WARN_UNGUARDED_AVAILABILITY = YES_AGGRESSIVE;
				CLANG_WARN_UNREACHABLE_CODE = YES;
				CLANG_WARN__DUPLICATE_METHOD_MATCH = YES;
				CODE_SIGN_IDENTITY = "iPhone Developer";
				COPY_PHASE_STRIP = NO;
				CURRENT_PROJECT_VERSION = 1;
				DEBUG_INFORMATION_FORMAT = dwarf;
				ENABLE_STRICT_OBJC_MSGSEND = YES;
				ENABLE_TESTABILITY = YES;
				GCC_C_LANGUAGE_STANDARD = gnu11;
				GCC_DYNAMIC_NO_PIC = NO;
				GCC_NO_COMMON_BLOCKS = YES;
				GCC_OPTIMIZATION_LEVEL = 0;
				GCC_PREPROCESSOR_DEFINITIONS = (
					"DEBUG=1",
					"$(inherited)",
				);
				GCC_WARN_64_TO_32_BIT_CONVERSION = YES;
				GCC_WARN_ABOUT_RETURN_TYPE = YES_ERROR;
				GCC_WARN_UNDECLARED_SELECTOR = YES;
				GCC_WARN_UNINITIALIZED_AUTOS = YES_AGGRESSIVE;
				GCC_WARN_UNUSED_FUNCTION = YES;
				GCC_WARN_UNUSED_VARIABLE = YES;
				IPHONEOS_DEPLOYMENT_TARGET = 12.1;
				MTL_ENABLE_DEBUG_INFO = INCLUDE_SOURCE;
				MTL_FAST_MATH = YES;
				ONLY_ACTIVE_ARCH = YES;
				SDKROOT = iphoneos;
				SWIFT_ACTIVE_COMPILATION_CONDITIONS = DEBUG;
				SWIFT_OPTIMIZATION_LEVEL = "-Onone";
				VERSIONING_SYSTEM = "apple-generic";
				VERSION_INFO_PREFIX = "";
			};
			name = Debug;
		};
		9750FE8121EA8D33005D3A66 /* Release */ = {
			isa = XCBuildConfiguration;
			buildSettings = {
				ALWAYS_EMBED_SWIFT_STANDARD_LIBRARIES = "$(inherited}";
				ALWAYS_SEARCH_USER_PATHS = NO;
				CLANG_ANALYZER_NONNULL = YES;
				CLANG_ANALYZER_NUMBER_OBJECT_CONVERSION = YES_AGGRESSIVE;
				CLANG_CXX_LANGUAGE_STANDARD = "gnu++14";
				CLANG_CXX_LIBRARY = "libc++";
				CLANG_ENABLE_MODULES = YES;
				CLANG_ENABLE_OBJC_ARC = YES;
				CLANG_ENABLE_OBJC_WEAK = YES;
				CLANG_WARN_BLOCK_CAPTURE_AUTORELEASING = YES;
				CLANG_WARN_BOOL_CONVERSION = YES;
				CLANG_WARN_COMMA = YES;
				CLANG_WARN_CONSTANT_CONVERSION = YES;
				CLANG_WARN_DEPRECATED_OBJC_IMPLEMENTATIONS = YES;
				CLANG_WARN_DIRECT_OBJC_ISA_USAGE = YES_ERROR;
				CLANG_WARN_DOCUMENTATION_COMMENTS = YES;
				CLANG_WARN_EMPTY_BODY = YES;
				CLANG_WARN_ENUM_CONVERSION = YES;
				CLANG_WARN_INFINITE_RECURSION = YES;
				CLANG_WARN_INT_CONVERSION = YES;
				CLANG_WARN_NON_LITERAL_NULL_CONVERSION = YES;
				CLANG_WARN_OBJC_IMPLICIT_RETAIN_SELF = YES;
				CLANG_WARN_OBJC_LITERAL_CONVERSION = YES;
				CLANG_WARN_OBJC_ROOT_CLASS = YES_ERROR;
				CLANG_WARN_RANGE_LOOP_ANALYSIS = YES;
				CLANG_WARN_STRICT_PROTOTYPES = YES;
				CLANG_WARN_SUSPICIOUS_MOVE = YES;
				CLANG_WARN_UNGUARDED_AVAILABILITY = YES_AGGRESSIVE;
				CLANG_WARN_UNREACHABLE_CODE = YES;
				CLANG_WARN__DUPLICATE_METHOD_MATCH = YES;
				CODE_SIGN_IDENTITY = "iPhone Developer";
				COPY_PHASE_STRIP = NO;
				CURRENT_PROJECT_VERSION = 1;
				DEBUG_INFORMATION_FORMAT = "dwarf-with-dsym";
				ENABLE_NS_ASSERTIONS = NO;
				ENABLE_STRICT_OBJC_MSGSEND = YES;
				GCC_C_LANGUAGE_STANDARD = gnu11;
				GCC_NO_COMMON_BLOCKS = YES;
				GCC_WARN_64_TO_32_BIT_CONVERSION = YES;
				GCC_WARN_ABOUT_RETURN_TYPE = YES_ERROR;
				GCC_WARN_UNDECLARED_SELECTOR = YES;
				GCC_WARN_UNINITIALIZED_AUTOS = YES_AGGRESSIVE;
				GCC_WARN_UNUSED_FUNCTION = YES;
				GCC_WARN_UNUSED_VARIABLE = YES;
				IPHONEOS_DEPLOYMENT_TARGET = 12.1;
				MTL_ENABLE_DEBUG_INFO = NO;
				MTL_FAST_MATH = YES;
				SDKROOT = iphoneos;
				SWIFT_COMPILATION_MODE = wholemodule;
				SWIFT_OPTIMIZATION_LEVEL = "-O";
				VALIDATE_PRODUCT = YES;
				VERSIONING_SYSTEM = "apple-generic";
				VERSION_INFO_PREFIX = "";
			};
			name = Release;
		};
		9750FE8321EA8D33005D3A66 /* Debug */ = {
			isa = XCBuildConfiguration;
			baseConfigurationReference = 289A3B0D43EF7E5ADE03A97C /* Pods-CoreDataDefaults.debug.xcconfig */;
			buildSettings = {
				CODE_SIGN_IDENTITY = "";
				CODE_SIGN_STYLE = Automatic;
				DEFINES_MODULE = YES;
				DYLIB_COMPATIBILITY_VERSION = 1;
				DYLIB_CURRENT_VERSION = 1;
				DYLIB_INSTALL_NAME_BASE = "@rpath";
				INFOPLIST_FILE = CoreDataDefaults/Info.plist;
				INSTALL_PATH = "$(LOCAL_LIBRARY_DIR)/Frameworks";
				IPHONEOS_DEPLOYMENT_TARGET = 8.4;
				LD_RUNPATH_SEARCH_PATHS = (
					"$(inherited)",
					"@executable_path/Frameworks",
					"@loader_path/Frameworks",
				);
				PRODUCT_BUNDLE_IDENTIFIER = com.thakur.cdPref.CoreDataDefaults;
				PRODUCT_NAME = "$(TARGET_NAME:c99extidentifier)";
				SKIP_INSTALL = YES;
				SWIFT_VERSION = 4.2;
				TARGETED_DEVICE_FAMILY = "1,2";
			};
			name = Debug;
		};
		9750FE8421EA8D33005D3A66 /* Release */ = {
			isa = XCBuildConfiguration;
			baseConfigurationReference = 3C571A1FF10F71E92166678E /* Pods-CoreDataDefaults.release.xcconfig */;
			buildSettings = {
				CODE_SIGN_IDENTITY = "";
				CODE_SIGN_STYLE = Automatic;
				DEFINES_MODULE = YES;
				DYLIB_COMPATIBILITY_VERSION = 1;
				DYLIB_CURRENT_VERSION = 1;
				DYLIB_INSTALL_NAME_BASE = "@rpath";
				INFOPLIST_FILE = CoreDataDefaults/Info.plist;
				INSTALL_PATH = "$(LOCAL_LIBRARY_DIR)/Frameworks";
				IPHONEOS_DEPLOYMENT_TARGET = 8.4;
				LD_RUNPATH_SEARCH_PATHS = (
					"$(inherited)",
					"@executable_path/Frameworks",
					"@loader_path/Frameworks",
				);
				PRODUCT_BUNDLE_IDENTIFIER = com.thakur.cdPref.CoreDataDefaults;
				PRODUCT_NAME = "$(TARGET_NAME:c99extidentifier)";
				SKIP_INSTALL = YES;
				SWIFT_VERSION = 4.2;
				TARGETED_DEVICE_FAMILY = "1,2";
			};
			name = Release;
		};
		9750FE8621EA8D33005D3A66 /* Debug */ = {
			isa = XCBuildConfiguration;
			baseConfigurationReference = C22C74CBE5751B66E4E9E4BE /* Pods-CoreDataDefaultsTests.debug.xcconfig */;
			buildSettings = {
				ALWAYS_EMBED_SWIFT_STANDARD_LIBRARIES = "$(inherited}";
				CODE_SIGN_STYLE = Automatic;
				INFOPLIST_FILE = CoreDataDefaultsTests/Info.plist;
				LD_RUNPATH_SEARCH_PATHS = (
					"$(inherited)",
					"@executable_path/Frameworks",
					"@loader_path/Frameworks",
				);
				PRODUCT_BUNDLE_IDENTIFIER = com.thakur.cdPref.CoreDataDefaultsTests;
				PRODUCT_NAME = "$(TARGET_NAME)";
				SWIFT_VERSION = 4.2;
				TARGETED_DEVICE_FAMILY = "1,2";
			};
			name = Debug;
		};
		9750FE8721EA8D33005D3A66 /* Release */ = {
			isa = XCBuildConfiguration;
			baseConfigurationReference = 1AEFBC1415C1AA86449E383D /* Pods-CoreDataDefaultsTests.release.xcconfig */;
			buildSettings = {
				ALWAYS_EMBED_SWIFT_STANDARD_LIBRARIES = "$(inherited}";
				CODE_SIGN_STYLE = Automatic;
				INFOPLIST_FILE = CoreDataDefaultsTests/Info.plist;
				LD_RUNPATH_SEARCH_PATHS = (
					"$(inherited)",
					"@executable_path/Frameworks",
					"@loader_path/Frameworks",
				);
				PRODUCT_BUNDLE_IDENTIFIER = com.thakur.cdPref.CoreDataDefaultsTests;
				PRODUCT_NAME = "$(TARGET_NAME)";
				SWIFT_VERSION = 4.2;
				TARGETED_DEVICE_FAMILY = "1,2";
			};
			name = Release;
		};
/* End XCBuildConfiguration section */

/* Begin XCConfigurationList section */
		9750FE6821EA8D32005D3A66 /* Build configuration list for PBXProject "CoreDataDefaults" */ = {
			isa = XCConfigurationList;
			buildConfigurations = (
				9750FE8021EA8D33005D3A66 /* Debug */,
				9750FE8121EA8D33005D3A66 /* Release */,
			);
			defaultConfigurationIsVisible = 0;
			defaultConfigurationName = Release;
		};
		9750FE8221EA8D33005D3A66 /* Build configuration list for PBXNativeTarget "CoreDataDefaults" */ = {
			isa = XCConfigurationList;
			buildConfigurations = (
				9750FE8321EA8D33005D3A66 /* Debug */,
				9750FE8421EA8D33005D3A66 /* Release */,
			);
			defaultConfigurationIsVisible = 0;
			defaultConfigurationName = Release;
		};
		9750FE8521EA8D33005D3A66 /* Build configuration list for PBXNativeTarget "CoreDataDefaultsTests" */ = {
			isa = XCConfigurationList;
			buildConfigurations = (
				9750FE8621EA8D33005D3A66 /* Debug */,
				9750FE8721EA8D33005D3A66 /* Release */,
			);
			defaultConfigurationIsVisible = 0;
			defaultConfigurationName = Release;
		};
/* End XCConfigurationList section */

/* Begin XCVersionGroup section */
		9750FE8B21EA8DE7005D3A66 /* CDPref.xcdatamodeld */ = {
			isa = XCVersionGroup;
			children = (
				9750FE8C21EA8DE7005D3A66 /* CDPref.xcdatamodel */,
			);
			currentVersion = 9750FE8C21EA8DE7005D3A66 /* CDPref.xcdatamodel */;
			path = CDPref.xcdatamodeld;
			sourceTree = "<group>";
			versionGroupType = wrapper.xcdatamodel;
		};
/* End XCVersionGroup section */
	};
	rootObject = 9750FE6521EA8D32005D3A66 /* Project object */;
}
